
Microsoft Visual Studio Solution File, Format Version 12.00
# Visual Studio Version 17
VisualStudioVersion = 17.4.33213.308
MinimumVisualStudioVersion = 10.0.40219.1
Project("{9A19103F-16F7-4668-BE54-9A1E7A4F7556}") = "TebanRM.Api", "TebanRM.Api\TebanRM.Api.csproj", "{8E1DFA90-40F0-4160-A698-A9E5684C2D18}"
EndProject
Project("{9A19103F-16F7-4668-BE54-9A1E7A4F7556}") = "TebanRM.Application", "TebanRM.Application\TebanRM.Application.csproj", "{6A265175-AAB8-4FE3-B022-B6989015827C}"
EndProject
Project("{FAE04EC0-301F-11D3-BF4B-00C04F79EFBC}") = "TebamRM.Contracts", "TebamRM.Contracts\TebamRM.Contracts.csproj", "{A3C1A5B7-247B-46B9-A966-65CB77F77FC7}"
EndProject
Global
	GlobalSection(SolutionConfigurationPlatforms) = preSolution
		Debug|Any CPU = Debug|Any CPU
		Release|Any CPU = Release|Any CPU
	EndGlobalSection
	GlobalSection(ProjectConfigurationPlatforms) = postSolution
		{8E1DFA90-40F0-4160-A698-A9E5684C2D18}.Debug|Any CPU.ActiveCfg = Debug|Any CPU
		{8E1DFA90-40F0-4160-A698-A9E5684C2D18}.Debug|Any CPU.Build.0 = Debug|Any CPU
		{8E1DFA90-40F0-4160-A698-A9E5684C2D18}.Release|Any CPU.ActiveCfg = Release|Any CPU
		{8E1DFA90-40F0-4160-A698-A9E5684C2D18}.Release|Any CPU.Build.0 = Release|Any CPU
		{6A265175-AAB8-4FE3-B022-B6989015827C}.Debug|Any CPU.ActiveCfg = Debug|Any CPU
		{6A265175-AAB8-4FE3-B022-B6989015827C}.Debug|Any CPU.Build.0 = Debug|Any CPU
		{6A265175-AAB8-4FE3-B022-B6989015827C}.Release|Any CPU.ActiveCfg = Release|Any CPU
		{6A265175-AAB8-4FE3-B022-B6989015827C}.Release|Any CPU.Build.0 = Release|Any CPU
		{A3C1A5B7-247B-46B9-A966-65CB77F77FC7}.Debug|Any CPU.ActiveCfg = Debug|Any CPU
		{A3C1A5B7-247B-46B9-A966-65CB77F77FC7}.Debug|Any CPU.Build.0 = Debug|Any CPU
		{A3C1A5B7-247B-46B9-A966-65CB77F77FC7}.Release|Any CPU.ActiveCfg = Release|Any CPU
		{A3C1A5B7-247B-46B9-A966-65CB77F77FC7}.Release|Any CPU.Build.0 = Release|Any CPU
	EndGlobalSection
	GlobalSection(SolutionProperties) = preSolution
		HideSolutionNode = FALSE
	EndGlobalSection
	GlobalSection(ExtensibilityGlobals) = postSolution
		SolutionGuid = {119717D7-EC88-42E5-B441-1EE7ABD06F91}
	EndGlobalSection
EndGlobal
